
Microsoft Visual Studio Solution File, Format Version 12.00
# Visual Studio Version 17
VisualStudioVersion = 17.0.32126.317
MinimumVisualStudioVersion = 10.0.40219.1
Project("{FAE04EC0-301F-11D3-BF4B-00C04F79EFBC}") = "WpfApp1", "WpfApp1.csproj", "{1757E90C-5812-4E81-B329-CA731011FB3A}"
EndProject
Global
	GlobalSection(SolutionConfigurationPlatforms) = preSolution
		Debug|Any CPU = Debug|Any CPU
		Release|Any CPU = Release|Any CPU
	EndGlobalSection
	GlobalSection(ProjectConfigurationPlatforms) = postSolution
		{1757E90C-5812-4E81-B329-CA731011FB3A}.Debug|Any CPU.ActiveCfg = Debug|Any CPU
		{1757E90C-5812-4E81-B329-CA731011FB3A}.Debug|Any CPU.Build.0 = Debug|Any CPU
		{1757E90C-5812-4E81-B329-CA731011FB3A}.Release|Any CPU.ActiveCfg = Release|Any CPU
		{1757E90C-5812-4E81-B329-CA731011FB3A}.Release|Any CPU.Build.0 = Release|Any CPU
	EndGlobalSection
	GlobalSection(SolutionProperties) = preSolution
		HideSolutionNode = FALSE
	EndGlobalSection
	GlobalSection(ExtensibilityGlobals) = postSolution
		SolutionGuid = {40CB2839-D2F0-414F-9F05-7DD5D1F59A89}
	EndGlobalSection
EndGlobal
